// !$*UTF8*$!
{
	archiveVersion = 1;
	classes = {
	};
	objectVersion = 46;
	objects = {

/* Begin PBXBuildFile section */
		D54C93F51D094C620015B780 /* main.m in Sources */ = {isa = PBXBuildFile; fileRef = D54C93F41D094C620015B780 /* main.m */; };
		D54C93F81D094C620015B780 /* AppDelegate.m in Sources */ = {isa = PBXBuildFile; fileRef = D54C93F71D094C620015B780 /* AppDelegate.m */; };
		D54C93FB1D094C620015B780 /* ViewController.m in Sources */ = {isa = PBXBuildFile; fileRef = D54C93FA1D094C620015B780 /* ViewController.m */; };
		D54C93FE1D094C620015B780 /* Main.storyboard in Resources */ = {isa = PBXBuildFile; fileRef = D54C93FC1D094C620015B780 /* Main.storyboard */; };
		D54C94001D094C620015B780 /* Assets.xcassets in Resources */ = {isa = PBXBuildFile; fileRef = D54C93FF1D094C620015B780 /* Assets.xcassets */; };
		D54C94031D094C620015B780 /* LaunchScreen.storyboard in Resources */ = {isa = PBXBuildFile; fileRef = D54C94011D094C620015B780 /* LaunchScreen.storyboard */; };
		D58C7D211D0A33F60032673C /* DGExplodeAnimationView.m in Sources */ = {isa = PBXBuildFile; fileRef = D58C7D1E1D0A33F60032673C /* DGExplodeAnimationView.m */; };
		D58C7D221D0A33F60032673C /* DGThumbUpButton.m in Sources */ = {isa = PBXBuildFile; fileRef = D58C7D201D0A33F60032673C /* DGThumbUpButton.m */; };
		D58C7D251D0A38FD0032673C /* Like-Blue.png in Resources */ = {isa = PBXBuildFile; fileRef = D58C7D241D0A38FD0032673C /* Like-Blue.png */; };
		D58C7D271D0A39030032673C /* Like-PlaceHold.png in Resources */ = {isa = PBXBuildFile; fileRef = D58C7D261D0A39030032673C /* Like-PlaceHold.png */; };
		D58C7D291D0A39090032673C /* Like-Sparkle.png in Resources */ = {isa = PBXBuildFile; fileRef = D58C7D281D0A39090032673C /* Like-Sparkle.png */; };
/* End PBXBuildFile section */

/* Begin PBXContainerItemProxy section */
		D58C7D181D0A2C750032673C /* PBXContainerItemProxy */ = {
			isa = PBXContainerItemProxy;
			containerPortal = D54C93E81D094C620015B780 /* Project object */;
			proxyType = 1;
			remoteGlobalIDString = D54C93EF1D094C620015B780;
			remoteInfo = DGThumbUpButton;
		};
/* End PBXContainerItemProxy section */

/* Begin PBXFileReference section */
		D54C93F01D094C620015B780 /* DGThumbUpButton.app */ = {isa = PBXFileReference; explicitFileType = wrapper.application; includeInIndex = 0; path = DGThumbUpButton.app; sourceTree = BUILT_PRODUCTS_DIR; };
		D54C93F41D094C620015B780 /* main.m */ = {isa = PBXFileReference; lastKnownFileType = sourcecode.c.objc; path = main.m; sourceTree = "<group>"; };
		D54C93F61D094C620015B780 /* AppDelegate.h */ = {isa = PBXFileReference; lastKnownFileType = sourcecode.c.h; path = AppDelegate.h; sourceTree = "<group>"; };
		D54C93F71D094C620015B780 /* AppDelegate.m */ = {isa = PBXFileReference; lastKnownFileType = sourcecode.c.objc; path = AppDelegate.m; sourceTree = "<group>"; };
		D54C93F91D094C620015B780 /* ViewController.h */ = {isa = PBXFileReference; lastKnownFileType = sourcecode.c.h; path = ViewController.h; sourceTree = "<group>"; };
		D54C93FA1D094C620015B780 /* ViewController.m */ = {isa = PBXFileReference; lastKnownFileType = sourcecode.c.objc; path = ViewController.m; sourceTree = "<group>"; };
		D54C93FD1D094C620015B780 /* Base */ = {isa = PBXFileReference; lastKnownFileType = file.storyboard; name = Base; path = Base.lproj/Main.storyboard; sourceTree = "<group>"; };
		D54C93FF1D094C620015B780 /* Assets.xcassets */ = {isa = PBXFileReference; lastKnownFileType = folder.assetcatalog; path = Assets.xcassets; sourceTree = "<group>"; };
		D54C94021D094C620015B780 /* Base */ = {isa = PBXFileReference; lastKnownFileType = file.storyboard; name = Base; path = Base.lproj/LaunchScreen.storyboard; sourceTree = "<group>"; };
		D54C94041D094C620015B780 /* Info.plist */ = {isa = PBXFileReference; lastKnownFileType = text.plist.xml; path = Info.plist; sourceTree = "<group>"; };
		D58C7D131D0A2C750032673C /* DGThumbUpButtonUITests.xctest */ = {isa = PBXFileReference; explicitFileType = wrapper.cfbundle; includeInIndex = 0; path = DGThumbUpButtonUITests.xctest; sourceTree = BUILT_PRODUCTS_DIR; };
		D58C7D1D1D0A33F60032673C /* DGExplodeAnimationView.h */ = {isa = PBXFileReference; fileEncoding = 4; lastKnownFileType = sourcecode.c.h; name = DGExplodeAnimationView.h; path = DGThumbUpButton/DGExplodeAnimationView.h; sourceTree = "<group>"; };
		D58C7D1E1D0A33F60032673C /* DGExplodeAnimationView.m */ = {isa = PBXFileReference; fileEncoding = 4; lastKnownFileType = sourcecode.c.objc; name = DGExplodeAnimationView.m; path = DGThumbUpButton/DGExplodeAnimationView.m; sourceTree = "<group>"; };
		D58C7D1F1D0A33F60032673C /* DGThumbUpButton.h */ = {isa = PBXFileReference; fileEncoding = 4; lastKnownFileType = sourcecode.c.h; name = DGThumbUpButton.h; path = DGThumbUpButton/DGThumbUpButton.h; sourceTree = "<group>"; };
		D58C7D201D0A33F60032673C /* DGThumbUpButton.m */ = {isa = PBXFileReference; fileEncoding = 4; lastKnownFileType = sourcecode.c.objc; name = DGThumbUpButton.m; path = DGThumbUpButton/DGThumbUpButton.m; sourceTree = "<group>"; };
		D58C7D241D0A38FD0032673C /* Like-Blue.png */ = {isa = PBXFileReference; lastKnownFileType = image.png; name = "Like-Blue.png"; path = "Assets.xcassets/Like-Blue.imageset/Like-Blue.png"; sourceTree = "<group>"; };
		D58C7D261D0A39030032673C /* Like-PlaceHold.png */ = {isa = PBXFileReference; lastKnownFileType = image.png; name = "Like-PlaceHold.png"; path = "Assets.xcassets/Like-PlaceHold.imageset/Like-PlaceHold.png"; sourceTree = "<group>"; };
		D58C7D281D0A39090032673C /* Like-Sparkle.png */ = {isa = PBXFileReference; lastKnownFileType = image.png; name = "Like-Sparkle.png"; path = "Assets.xcassets/Like-Sparkle.imageset/Like-Sparkle.png"; sourceTree = "<group>"; };
/* End PBXFileReference section */

/* Begin PBXFrameworksBuildPhase section */
		D54C93ED1D094C620015B780 /* Frameworks */ = {
			isa = PBXFrameworksBuildPhase;
			buildActionMask = 2147483647;
			files = (
			);
			runOnlyForDeploymentPostprocessing = 0;
		};
		D58C7D101D0A2C750032673C /* Frameworks */ = {
			isa = PBXFrameworksBuildPhase;
			buildActionMask = 2147483647;
			files = (
			);
			runOnlyForDeploymentPostprocessing = 0;
		};
/* End PBXFrameworksBuildPhase section */

/* Begin PBXGroup section */
		D54C93E71D094C620015B780 = {
			isa = PBXGroup;
			children = (
				D54C93F21D094C620015B780 /* DGThumbUpButton */,
				D54C93F11D094C620015B780 /* Products */,
			);
			sourceTree = "<group>";
		};
		D54C93F11D094C620015B780 /* Products */ = {
			isa = PBXGroup;
			children = (
				D54C93F01D094C620015B780 /* DGThumbUpButton.app */,
				D58C7D131D0A2C750032673C /* DGThumbUpButtonUITests.xctest */,
			);
			name = Products;
			sourceTree = "<group>";
		};
		D54C93F21D094C620015B780 /* DGThumbUpButton */ = {
			isa = PBXGroup;
			children = (
				D54C940C1D094CB90015B780 /* DGThumbUpButton */,
				D54C940B1D094C920015B780 /* ViewController */,
				D54C93FF1D094C620015B780 /* Assets.xcassets */,
				D54C94011D094C620015B780 /* LaunchScreen.storyboard */,
				D54C94041D094C620015B780 /* Info.plist */,
				D54C93F31D094C620015B780 /* Supporting Files */,
			);
			path = DGThumbUpButton;
			sourceTree = "<group>";
		};
		D54C93F31D094C620015B780 /* Supporting Files */ = {
			isa = PBXGroup;
			children = (
				D54C93F41D094C620015B780 /* main.m */,
			);
			name = "Supporting Files";
			sourceTree = "<group>";
		};
		D54C940B1D094C920015B780 /* ViewController */ = {
			isa = PBXGroup;
			children = (
				D54C93F61D094C620015B780 /* AppDelegate.h */,
				D54C93F71D094C620015B780 /* AppDelegate.m */,
				D54C93F91D094C620015B780 /* ViewController.h */,
				D54C93FA1D094C620015B780 /* ViewController.m */,
				D54C93FC1D094C620015B780 /* Main.storyboard */,
			);
			name = ViewController;
			sourceTree = "<group>";
		};
		D54C940C1D094CB90015B780 /* DGThumbUpButton */ = {
			isa = PBXGroup;
			children = (
				D58C7D1D1D0A33F60032673C /* DGExplodeAnimationView.h */,
				D58C7D1E1D0A33F60032673C /* DGExplodeAnimationView.m */,
				D58C7D1F1D0A33F60032673C /* DGThumbUpButton.h */,
				D58C7D201D0A33F60032673C /* DGThumbUpButton.m */,
				D58C7D231D0A38DC0032673C /* Assets */,
			);
			name = DGThumbUpButton;
			sourceTree = "<group>";
		};
		D58C7D231D0A38DC0032673C /* Assets */ = {
			isa = PBXGroup;
			children = (
				D58C7D241D0A38FD0032673C /* Like-Blue.png */,
				D58C7D261D0A39030032673C /* Like-PlaceHold.png */,
				D58C7D281D0A39090032673C /* Like-Sparkle.png */,
			);
			name = Assets;
			sourceTree = "<group>";
		};
/* End PBXGroup section */

/* Begin PBXNativeTarget section */
		D54C93EF1D094C620015B780 /* DGThumbUpButton */ = {
			isa = PBXNativeTarget;
			buildConfigurationList = D54C94071D094C620015B780 /* Build configuration list for PBXNativeTarget "DGThumbUpButton" */;
			buildPhases = (
				D54C93EC1D094C620015B780 /* Sources */,
				D54C93ED1D094C620015B780 /* Frameworks */,
				D54C93EE1D094C620015B780 /* Resources */,
			);
			buildRules = (
			);
			dependencies = (
			);
			name = DGThumbUpButton;
			productName = DGThumbUpButton;
			productReference = D54C93F01D094C620015B780 /* DGThumbUpButton.app */;
			productType = "com.apple.product-type.application";
		};
		D58C7D121D0A2C750032673C /* DGThumbUpButtonUITests */ = {
			isa = PBXNativeTarget;
			buildConfigurationList = D58C7D1C1D0A2C750032673C /* Build configuration list for PBXNativeTarget "DGThumbUpButtonUITests" */;
			buildPhases = (
				D58C7D0F1D0A2C750032673C /* Sources */,
				D58C7D101D0A2C750032673C /* Frameworks */,
				D58C7D111D0A2C750032673C /* Resources */,
			);
			buildRules = (
			);
			dependencies = (
				D58C7D191D0A2C750032673C /* PBXTargetDependency */,
			);
			name = DGThumbUpButtonUITests;
			productName = DGThumbUpButtonUITests;
			productReference = D58C7D131D0A2C750032673C /* DGThumbUpButtonUITests.xctest */;
			productType = "com.apple.product-type.bundle.ui-testing";
		};
/* End PBXNativeTarget section */

/* Begin PBXProject section */
		D54C93E81D094C620015B780 /* Project object */ = {
			isa = PBXProject;
			attributes = {
				CLASSPREFIX = DG;
				LastUpgradeCheck = 0730;
				ORGANIZATIONNAME = Desgard_Duan;
				TargetAttributes = {
					D54C93EF1D094C620015B780 = {
						CreatedOnToolsVersion = 7.3.1;
					};
					D58C7D121D0A2C750032673C = {
						CreatedOnToolsVersion = 7.3.1;
						TestTargetID = D54C93EF1D094C620015B780;
					};
				};
			};
			buildConfigurationList = D54C93EB1D094C620015B780 /* Build configuration list for PBXProject "DGThumbUpButton" */;
			compatibilityVersion = "Xcode 3.2";
			developmentRegion = English;
			hasScannedForEncodings = 0;
			knownRegions = (
				en,
				Base,
			);
			mainGroup = D54C93E71D094C620015B780;
			productRefGroup = D54C93F11D094C620015B780 /* Products */;
			projectDirPath = "";
			projectRoot = "";
			targets = (
				D54C93EF1D094C620015B780 /* DGThumbUpButton */,
				D58C7D121D0A2C750032673C /* DGThumbUpButtonUITests */,
			);
		};
/* End PBXProject section */

/* Begin PBXResourcesBuildPhase section */
		D54C93EE1D094C620015B780 /* Resources */ = {
			isa = PBXResourcesBuildPhase;
			buildActionMask = 2147483647;
			files = (
				D58C7D251D0A38FD0032673C /* Like-Blue.png in Resources */,
				D54C94031D094C620015B780 /* LaunchScreen.storyboard in Resources */,
				D58C7D271D0A39030032673C /* Like-PlaceHold.png in Resources */,
				D54C94001D094C620015B780 /* Assets.xcassets in Resources */,
				D58C7D291D0A39090032673C /* Like-Sparkle.png in Resources */,
				D54C93FE1D094C620015B780 /* Main.storyboard in Resources */,
			);
			runOnlyForDeploymentPostprocessing = 0;
		};
		D58C7D111D0A2C750032673C /* Resources */ = {
			isa = PBXResourcesBuildPhase;
			buildActionMask = 2147483647;
			files = (
			);
			runOnlyForDeploymentPostprocessing = 0;
		};
/* End PBXResourcesBuildPhase section */

/* Begin PBXSourcesBuildPhase section */
		D54C93EC1D094C620015B780 /* Sources */ = {
			isa = PBXSourcesBuildPhase;
			buildActionMask = 2147483647;
			files = (
				D58C7D221D0A33F60032673C /* DGThumbUpButton.m in Sources */,
				D54C93FB1D094C620015B780 /* ViewController.m in Sources */,
				D54C93F81D094C620015B780 /* AppDelegate.m in Sources */,
				D58C7D211D0A33F60032673C /* DGExplodeAnimationView.m in Sources */,
				D54C93F51D094C620015B780 /* main.m in Sources */,
			);
			runOnlyForDeploymentPostprocessing = 0;
		};
		D58C7D0F1D0A2C750032673C /* Sources */ = {
			isa = PBXSourcesBuildPhase;
			buildActionMask = 2147483647;
			files = (
			);
			runOnlyForDeploymentPostprocessing = 0;
		};
/* End PBXSourcesBuildPhase section */

/* Begin PBXTargetDependency section */
		D58C7D191D0A2C750032673C /* PBXTargetDependency */ = {
			isa = PBXTargetDependency;
			target = D54C93EF1D094C620015B780 /* DGThumbUpButton */;
			targetProxy = D58C7D181D0A2C750032673C /* PBXContainerItemProxy */;
		};
/* End PBXTargetDependency section */

/* Begin PBXVariantGroup section */
		D54C93FC1D094C620015B780 /* Main.storyboard */ = {
			isa = PBXVariantGroup;
			children = (
				D54C93FD1D094C620015B780 /* Base */,
			);
			name = Main.storyboard;
			sourceTree = "<group>";
		};
		D54C94011D094C620015B780 /* LaunchScreen.storyboard */ = {
			isa = PBXVariantGroup;
			children = (
				D54C94021D094C620015B780 /* Base */,
			);
			name = LaunchScreen.storyboard;
			sourceTree = "<group>";
		};
/* End PBXVariantGroup section */

/* Begin XCBuildConfiguration section */
		D54C94051D094C620015B780 /* Debug */ = {
			isa = XCBuildConfiguration;
			buildSettings = {
				ALWAYS_SEARCH_USER_PATHS = NO;
				CLANG_ANALYZER_NONNULL = YES;
				CLANG_CXX_LANGUAGE_STANDARD = "gnu++0x";
				CLANG_CXX_LIBRARY = "libc++";
				CLANG_ENABLE_MODULES = YES;
				CLANG_ENABLE_OBJC_ARC = YES;
				CLANG_WARN_BOOL_CONVERSION = YES;
				CLANG_WARN_CONSTANT_CONVERSION = YES;
				CLANG_WARN_DIRECT_OBJC_ISA_USAGE = YES_ERROR;
				CLANG_WARN_EMPTY_BODY = YES;
				CLANG_WARN_ENUM_CONVERSION = YES;
				CLANG_WARN_INT_CONVERSION = YES;
				CLANG_WARN_OBJC_ROOT_CLASS = YES_ERROR;
				CLANG_WARN_UNREACHABLE_CODE = YES;
				CLANG_WARN__DUPLICATE_METHOD_MATCH = YES;
				"CODE_SIGN_IDENTITY[sdk=iphoneos*]" = "iPhone Developer";
				COPY_PHASE_STRIP = NO;
				DEBUG_INFORMATION_FORMAT = dwarf;
				ENABLE_STRICT_OBJC_MSGSEND = YES;
				ENABLE_TESTABILITY = YES;
				GCC_C_LANGUAGE_STANDARD = gnu99;
				GCC_DYNAMIC_NO_PIC = NO;
				GCC_NO_COMMON_BLOCKS = YES;
				GCC_OPTIMIZATION_LEVEL = 0;
				GCC_PREPROCESSOR_DEFINITIONS = (
					"DEBUG=1",
					"$(inherited)",
				);
				GCC_WARN_64_TO_32_BIT_CONVERSION = YES;
				GCC_WARN_ABOUT_RETURN_TYPE = YES_ERROR;
				GCC_WARN_UNDECLARED_SELECTOR = YES;
				GCC_WARN_UNINITIALIZED_AUTOS = YES_AGGRESSIVE;
				GCC_WARN_UNUSED_FUNCTION = YES;
				GCC_WARN_UNUSED_VARIABLE = YES;
				IPHONEOS_DEPLOYMENT_TARGET = 9.3;
				MTL_ENABLE_DEBUG_INFO = YES;
				ONLY_ACTIVE_ARCH = YES;
				SDKROOT = iphoneos;
			};
			name = Debug;
		};
		D54C94061D094C620015B780 /* Release */ = {
			isa = XCBuildConfiguration;
			buildSettings = {
				ALWAYS_SEARCH_USER_PATHS = NO;
				CLANG_ANALYZER_NONNULL = YES;
				CLANG_CXX_LANGUAGE_STANDARD = "gnu++0x";
				CLANG_CXX_LIBRARY = "libc++";
				CLANG_ENABLE_MODULES = YES;
				CLANG_ENABLE_OBJC_ARC = YES;
				CLANG_WARN_BOOL_CONVERSION = YES;
				CLANG_WARN_CONSTANT_CONVERSION = YES;
				CLANG_WARN_DIRECT_OBJC_ISA_USAGE = YES_ERROR;
				CLANG_WARN_EMPTY_BODY = YES;
				CLANG_WARN_ENUM_CONVERSION = YES;
				CLANG_WARN_INT_CONVERSION = YES;
				CLANG_WARN_OBJC_ROOT_CLASS = YES_ERROR;
				CLANG_WARN_UNREACHABLE_CODE = YES;
				CLANG_WARN__DUPLICATE_METHOD_MATCH = YES;
				"CODE_SIGN_IDENTITY[sdk=iphoneos*]" = "iPhone Developer";
				COPY_PHASE_STRIP = NO;
				DEBUG_INFORMATION_FORMAT = "dwarf-with-dsym";
				ENABLE_NS_ASSERTIONS = NO;
				ENABLE_STRICT_OBJC_MSGSEND = YES;
				GCC_C_LANGUAGE_STANDARD = gnu99;
				GCC_NO_COMMON_BLOCKS = YES;
				GCC_WARN_64_TO_32_BIT_CONVERSION = YES;
				GCC_WARN_ABOUT_RETURN_TYPE = YES_ERROR;
				GCC_WARN_UNDECLARED_SELECTOR = YES;
				GCC_WARN_UNINITIALIZED_AUTOS = YES_AGGRESSIVE;
				GCC_WARN_UNUSED_FUNCTION = YES;
				GCC_WARN_UNUSED_VARIABLE = YES;
				IPHONEOS_DEPLOYMENT_TARGET = 9.3;
				MTL_ENABLE_DEBUG_INFO = NO;
				SDKROOT = iphoneos;
				VALIDATE_PRODUCT = YES;
			};
			name = Release;
		};
		D54C94081D094C620015B780 /* Debug */ = {
			isa = XCBuildConfiguration;
			buildSettings = {
				ASSETCATALOG_COMPILER_APPICON_NAME = AppIcon;
				INFOPLIST_FILE = DGThumbUpButton/Info.plist;
				LD_RUNPATH_SEARCH_PATHS = "$(inherited) @executable_path/Frameworks";
				PRODUCT_BUNDLE_IDENTIFIER = desgard.express.DGThumbUpButton;
				PRODUCT_NAME = "$(TARGET_NAME)";
			};
			name = Debug;
		};
		D54C94091D094C620015B780 /* Release */ = {
			isa = XCBuildConfiguration;
			buildSettings = {
				ASSETCATALOG_COMPILER_APPICON_NAME = AppIcon;
				INFOPLIST_FILE = DGThumbUpButton/Info.plist;
				LD_RUNPATH_SEARCH_PATHS = "$(inherited) @executable_path/Frameworks";
				PRODUCT_BUNDLE_IDENTIFIER = desgard.express.DGThumbUpButton;
				PRODUCT_NAME = "$(TARGET_NAME)";
			};
			name = Release;
		};
		D58C7D1A1D0A2C750032673C /* Debug */ = {
			isa = XCBuildConfiguration;
			buildSettings = {
				INFOPLIST_FILE = DGThumbUpButtonUITests/Info.plist;
				LD_RUNPATH_SEARCH_PATHS = "$(inherited) @executable_path/Frameworks @loader_path/Frameworks";
				PRODUCT_BUNDLE_IDENTIFIER = desgard.express.DGThumbUpButtonUITests;
				PRODUCT_NAME = "$(TARGET_NAME)";
				TEST_TARGET_NAME = DGThumbUpButton;
			};
			name = Debug;
		};
		D58C7D1B1D0A2C750032673C /* Release */ = {
			isa = XCBuildConfiguration;
			buildSettings = {
				INFOPLIST_FILE = DGThumbUpButtonUITests/Info.plist;
				LD_RUNPATH_SEARCH_PATHS = "$(inherited) @executable_path/Frameworks @loader_path/Frameworks";
				PRODUCT_BUNDLE_IDENTIFIER = desgard.express.DGThumbUpButtonUITests;
				PRODUCT_NAME = "$(TARGET_NAME)";
				TEST_TARGET_NAME = DGThumbUpButton;
			};
			name = Release;
		};
/* End XCBuildConfiguration section */

/* Begin XCConfigurationList section */
		D54C93EB1D094C620015B780 /* Build configuration list for PBXProject "DGThumbUpButton" */ = {
			isa = XCConfigurationList;
			buildConfigurations = (
				D54C94051D094C620015B780 /* Debug */,
				D54C94061D094C620015B780 /* Release */,
			);
			defaultConfigurationIsVisible = 0;
			defaultConfigurationName = Release;
		};
		D54C94071D094C620015B780 /* Build configuration list for PBXNativeTarget "DGThumbUpButton" */ = {
			isa = XCConfigurationList;
			buildConfigurations = (
				D54C94081D094C620015B780 /* Debug */,
				D54C94091D094C620015B780 /* Release */,
			);
			defaultConfigurationIsVisible = 0;
			defaultConfigurationName = Release;
		};
		D58C7D1C1D0A2C750032673C /* Build configuration list for PBXNativeTarget "DGThumbUpButtonUITests" */ = {
			isa = XCConfigurationList;
			buildConfigurations = (
				D58C7D1A1D0A2C750032673C /* Debug */,
				D58C7D1B1D0A2C750032673C /* Release */,
			);
			defaultConfigurationIsVisible = 0;
			defaultConfigurationName = Release;
		};
/* End XCConfigurationList section */
	};
	rootObject = D54C93E81D094C620015B780 /* Project object */;
}
